
Microsoft Visual Studio Solution File, Format Version 12.00
# Visual Studio Version 18
VisualStudioVersion = 18.7.11925.98
MinimumVisualStudioVersion = 10.0.40219.1
Project("{C7167F0D-BC9F-4E6E-AFE1-012C56B48DB5}") = "EIC.Package", "EIC.Package\EIC.Package.wapproj", "{7E9193F7-23EF-4625-992E-770E68CD53E8}"
	ProjectSection(ProjectDependencies) = postProject
		{7ACF84EC-EFBA-4043-8E14-40B159508902} = {7ACF84EC-EFBA-4043-8E14-40B159508902}
	EndProjectSection
EndProject
Project("{8BC9CEB8-8B4A-11D0-8D11-00A0C91BC942}") = "EIC", "EIC\EIC.vcxproj", "{9B0B490B-70B7-42C7-8AD4-EE48162B0502}"
EndProject
Project("{8BC9CEB8-8B4A-11D0-8D11-00A0C91BC942}") = "RNSVG", "..\node_modules\react-native-svg\windows\RNSVG\RNSVG.vcxproj", "{7ACF84EC-EFBA-4043-8E14-40B159508902}"
EndProject
Global
	GlobalSection(SolutionConfigurationPlatforms) = preSolution
		Debug|ARM64 = Debug|ARM64
		Debug|x64 = Debug|x64
		Debug|x86 = Debug|x86
		Release|ARM64 = Release|ARM64
		Release|x64 = Release|x64
		Release|x86 = Release|x86
	EndGlobalSection
	GlobalSection(ProjectConfigurationPlatforms) = postSolution
		{7E9193F7-23EF-4625-992E-770E68CD53E8}.Debug|ARM64.ActiveCfg = Debug|ARM64
		{7E9193F7-23EF-4625-992E-770E68CD53E8}.Debug|ARM64.Build.0 = Debug|ARM64
		{7E9193F7-23EF-4625-992E-770E68CD53E8}.Debug|ARM64.Deploy.0 = Debug|ARM64
		{7E9193F7-23EF-4625-992E-770E68CD53E8}.Debug|x64.ActiveCfg = Debug|x64
		{7E9193F7-23EF-4625-992E-770E68CD53E8}.Debug|x64.Build.0 = Debug|x64
		{7E9193F7-23EF-4625-992E-770E68CD53E8}.Debug|x64.Deploy.0 = Debug|x64
		{7E9193F7-23EF-4625-992E-770E68CD53E8}.Debug|x86.ActiveCfg = Debug|x86
		{7E9193F7-23EF-4625-992E-770E68CD53E8}.Debug|x86.Build.0 = Debug|x86
		{7E9193F7-23EF-4625-992E-770E68CD53E8}.Debug|x86.Deploy.0 = Debug|x86
		{7E9193F7-23EF-4625-992E-770E68CD53E8}.Release|ARM64.ActiveCfg = Release|ARM64
		{7E9193F7-23EF-4625-992E-770E68CD53E8}.Release|ARM64.Build.0 = Release|ARM64
		{7E9193F7-23EF-4625-992E-770E68CD53E8}.Release|ARM64.Deploy.0 = Release|ARM64
		{7E9193F7-23EF-4625-992E-770E68CD53E8}.Release|x64.ActiveCfg = Release|x64
		{7E9193F7-23EF-4625-992E-770E68CD53E8}.Release|x64.Build.0 = Release|x64
		{7E9193F7-23EF-4625-992E-770E68CD53E8}.Release|x64.Deploy.0 = Release|x64
		{7E9193F7-23EF-4625-992E-770E68CD53E8}.Release|x86.ActiveCfg = Release|x86
		{7E9193F7-23EF-4625-992E-770E68CD53E8}.Release|x86.Build.0 = Release|x86
		{7E9193F7-23EF-4625-992E-770E68CD53E8}.Release|x86.Deploy.0 = Release|x86
		{9B0B490B-70B7-42C7-8AD4-EE48162B0502}.Debug|ARM64.ActiveCfg = Debug|ARM64
		{9B0B490B-70B7-42C7-8AD4-EE48162B0502}.Debug|ARM64.Build.0 = Debug|ARM64
		{9B0B490B-70B7-42C7-8AD4-EE48162B0502}.Debug|ARM64.Deploy.0 = Debug|ARM64
		{9B0B490B-70B7-42C7-8AD4-EE48162B0502}.Debug|x64.ActiveCfg = Debug|x64
		{9B0B490B-70B7-42C7-8AD4-EE48162B0502}.Debug|x64.Build.0 = Debug|x64
		{9B0B490B-70B7-42C7-8AD4-EE48162B0502}.Debug|x64.Deploy.0 = Debug|x64
		{9B0B490B-70B7-42C7-8AD4-EE48162B0502}.Debug|x86.ActiveCfg = Debug|Win32
		{9B0B490B-70B7-42C7-8AD4-EE48162B0502}.Debug|x86.Build.0 = Debug|Win32
		{9B0B490B-70B7-42C7-8AD4-EE48162B0502}.Debug|x86.Deploy.0 = Debug|Win32
		{9B0B490B-70B7-42C7-8AD4-EE48162B0502}.Release|ARM64.ActiveCfg = Release|ARM64
		{9B0B490B-70B7-42C7-8AD4-EE48162B0502}.Release|ARM64.Build.0 = Release|ARM64
		{9B0B490B-70B7-42C7-8AD4-EE48162B0502}.Release|ARM64.Deploy.0 = Release|ARM64
		{9B0B490B-70B7-42C7-8AD4-EE48162B0502}.Release|x64.ActiveCfg = Release|x64
		{9B0B490B-70B7-42C7-8AD4-EE48162B0502}.Release|x64.Build.0 = Release|x64
		{9B0B490B-70B7-42C7-8AD4-EE48162B0502}.Release|x64.Deploy.0 = Release|x64
		{9B0B490B-70B7-42C7-8AD4-EE48162B0502}.Release|x86.ActiveCfg = Release|Win32
		{9B0B490B-70B7-42C7-8AD4-EE48162B0502}.Release|x86.Build.0 = Release|Win32
		{9B0B490B-70B7-42C7-8AD4-EE48162B0502}.Release|x86.Deploy.0 = Release|Win32
		{7ACF84EC-EFBA-4043-8E14-40B159508902}.Debug|ARM64.ActiveCfg = Debug|ARM64
		{7ACF84EC-EFBA-4043-8E14-40B159508902}.Debug|ARM64.Build.0 = Debug|ARM64
		{7ACF84EC-EFBA-4043-8E14-40B159508902}.Debug|x64.ActiveCfg = Debug|x64
		{7ACF84EC-EFBA-4043-8E14-40B159508902}.Debug|x64.Build.0 = Debug|x64
		{7ACF84EC-EFBA-4043-8E14-40B159508902}.Debug|x86.ActiveCfg = Debug|Win32
		{7ACF84EC-EFBA-4043-8E14-40B159508902}.Debug|x86.Build.0 = Debug|Win32
		{7ACF84EC-EFBA-4043-8E14-40B159508902}.Release|ARM64.ActiveCfg = Release|ARM64
		{7ACF84EC-EFBA-4043-8E14-40B159508902}.Release|ARM64.Build.0 = Release|ARM64
		{7ACF84EC-EFBA-4043-8E14-40B159508902}.Release|x64.ActiveCfg = Release|x64
		{7ACF84EC-EFBA-4043-8E14-40B159508902}.Release|x64.Build.0 = Release|x64
		{7ACF84EC-EFBA-4043-8E14-40B159508902}.Release|x86.ActiveCfg = Release|Win32
		{7ACF84EC-EFBA-4043-8E14-40B159508902}.Release|x86.Build.0 = Release|Win32
	EndGlobalSection
	GlobalSection(SolutionProperties) = preSolution
		HideSolutionNode = FALSE
	EndGlobalSection
	GlobalSection(ExtensibilityGlobals) = postSolution
		SolutionGuid = {D43FAD39-F619-437D-BB40-04A3982ACB6A}
	EndGlobalSection
EndGlobal
